
Microsoft Visual Studio Solution File, Format Version 12.00
# Visual Studio Version 17
VisualStudioVersion = 17.10.34902.84
MinimumVisualStudioVersion = 10.0.40219.1
Project("{9A19103F-16F7-4668-BE54-9A1E7A4F7556}") = "AudioWavePlugin", "AudioWavePlugin.csproj", "{FA6B2CD3-DCBA-4384-B377-E0103757F161}"
EndProject
Global
	GlobalSection(SolutionConfigurationPlatforms) = preSolution
		Debug|Any CPU = Debug|Any CPU
		Release|Any CPU = Release|Any CPU
	EndGlobalSection
	GlobalSection(ProjectConfigurationPlatforms) = postSolution
		{FA6B2CD3-DCBA-4384-B377-E0103757F161}.Debug|Any CPU.ActiveCfg = Debug|Any CPU
		{FA6B2CD3-DCBA-4384-B377-E0103757F161}.Debug|Any CPU.Build.0 = Debug|Any CPU
		{FA6B2CD3-DCBA-4384-B377-E0103757F161}.Release|Any CPU.ActiveCfg = Release|Any CPU
		{FA6B2CD3-DCBA-4384-B377-E0103757F161}.Release|Any CPU.Build.0 = Release|Any CPU
	EndGlobalSection
	GlobalSection(SolutionProperties) = preSolution
		HideSolutionNode = FALSE
	EndGlobalSection
	GlobalSection(ExtensibilityGlobals) = postSolution
		SolutionGuid = {3712C4EA-B49E-4A1D-8B7F-0A38F460070A}
	EndGlobalSection
EndGlobal
